// !$*UTF8*$!
{
	archiveVersion = 1;
	classes = {
	};
	objectVersion = 46;
	objects = {

/* Begin PBXBuildFile section */
		A3E2B33964C7E0968429DB2F /* Pods_FeedListDemo.framework in Frameworks */ = {isa = PBXBuildFile; fileRef = C8D196658357A77764BD1F13 /* Pods_FeedListDemo.framework */; };
		A9267C45207F99C40099E80D /* Recommend+CoreDataProperties.m in Sources */ = {isa = PBXBuildFile; fileRef = A9267C41207F99C40099E80D /* Recommend+CoreDataProperties.m */; };
		A9267C46207F99C40099E80D /* Recommend+CoreDataClass.m in Sources */ = {isa = PBXBuildFile; fileRef = A9267C42207F99C40099E80D /* Recommend+CoreDataClass.m */; };
		B107D9DA2086017C000ED295 /* MTGestureHandleRefresh.m in Sources */ = {isa = PBXBuildFile; fileRef = B107D9D92086017C000ED295 /* MTGestureHandleRefresh.m */; };
		B12F4AFB207DDEE200A9D871 /* AppDelegate.m in Sources */ = {isa = PBXBuildFile; fileRef = B12F4AFA207DDEE200A9D871 /* AppDelegate.m */; };
		B12F4AFE207DDEE200A9D871 /* ViewController.m in Sources */ = {isa = PBXBuildFile; fileRef = B12F4AFD207DDEE200A9D871 /* ViewController.m */; };
		B12F4B01207DDEE200A9D871 /* Main.storyboard in Resources */ = {isa = PBXBuildFile; fileRef = B12F4AFF207DDEE200A9D871 /* Main.storyboard */; };
		B12F4B03207DDEE200A9D871 /* Assets.xcassets in Resources */ = {isa = PBXBuildFile; fileRef = B12F4B02207DDEE200A9D871 /* Assets.xcassets */; };
		B12F4B06207DDEE200A9D871 /* LaunchScreen.storyboard in Resources */ = {isa = PBXBuildFile; fileRef = B12F4B04207DDEE200A9D871 /* LaunchScreen.storyboard */; };
		B12F4B09207DDEE200A9D871 /* main.m in Sources */ = {isa = PBXBuildFile; fileRef = B12F4B08207DDEE200A9D871 /* main.m */; };
		B12F4B13207DDEE200A9D871 /* FeedListDemoTests.m in Sources */ = {isa = PBXBuildFile; fileRef = B12F4B12207DDEE200A9D871 /* FeedListDemoTests.m */; };
		B12F4B1E207DDEE200A9D871 /* FeedListDemoUITests.m in Sources */ = {isa = PBXBuildFile; fileRef = B12F4B1D207DDEE200A9D871 /* FeedListDemoUITests.m */; };
		B12F4B30207DF15200A9D871 /* json.json in Resources */ = {isa = PBXBuildFile; fileRef = B12F4B2F207DF15200A9D871 /* json.json */; };
		B12F4B5D207F11A300A9D871 /* MTRecommendModel.m in Sources */ = {isa = PBXBuildFile; fileRef = B12F4B5A207F11A300A9D871 /* MTRecommendModel.m */; };
		B12F4B5E207F11A300A9D871 /* MTUserModel.m in Sources */ = {isa = PBXBuildFile; fileRef = B12F4B5B207F11A300A9D871 /* MTUserModel.m */; };
		B12F4B7C207F311400A9D871 /* FeedLiveViewCell.m in Sources */ = {isa = PBXBuildFile; fileRef = B12F4B7B207F311400A9D871 /* FeedLiveViewCell.m */; };
		B12F4B7D207F311400A9D871 /* FeedLiveViewCell.m in Sources */ = {isa = PBXBuildFile; fileRef = B12F4B7B207F311400A9D871 /* FeedLiveViewCell.m */; };
		B12F4B93207F463400A9D871 /* FeedModel.xcdatamodeld in Sources */ = {isa = PBXBuildFile; fileRef = B12F4B91207F463400A9D871 /* FeedModel.xcdatamodeld */; };
		B12F4B94207F463400A9D871 /* FeedModel.xcdatamodeld in Sources */ = {isa = PBXBuildFile; fileRef = B12F4B91207F463400A9D871 /* FeedModel.xcdatamodeld */; };
		B12F4B9E207F666400A9D871 /* MTFetchMOCAdapterUpdater.m in Sources */ = {isa = PBXBuildFile; fileRef = B12F4B9D207F666400A9D871 /* MTFetchMOCAdapterUpdater.m */; };
		B12F4B9F207F666400A9D871 /* MTFetchMOCAdapterUpdater.m in Sources */ = {isa = PBXBuildFile; fileRef = B12F4B9D207F666400A9D871 /* MTFetchMOCAdapterUpdater.m */; };
		B1D0FFFE2085F9B9000A401B /* MTGlobalManagedObjectContext.m in Sources */ = {isa = PBXBuildFile; fileRef = B1D0FFFD2085F9B9000A401B /* MTGlobalManagedObjectContext.m */; };
		B1F3648620843C38008A1F89 /* MTListAdpterProxy.m in Sources */ = {isa = PBXBuildFile; fileRef = B1F3648520843C38008A1F89 /* MTListAdpterProxy.m */; };
		B1F3648920843C51008A1F89 /* MTListAdpter.m in Sources */ = {isa = PBXBuildFile; fileRef = B1F3648820843C51008A1F89 /* MTListAdpter.m */; };
		B1F3648C208443D9008A1F89 /* MTListAdpter+UICollectionView.m in Sources */ = {isa = PBXBuildFile; fileRef = B1F3648B208443D9008A1F89 /* MTListAdpter+UICollectionView.m */; };
		B1F3649720849BE6008A1F89 /* MTListSectionModel.m in Sources */ = {isa = PBXBuildFile; fileRef = B1F3649620849BE6008A1F89 /* MTListSectionModel.m */; };
		B1F3649B2084B495008A1F89 /* MTListSectionController.m in Sources */ = {isa = PBXBuildFile; fileRef = B1F3649A2084B495008A1F89 /* MTListSectionController.m */; };
		B1F8A51220858F08009083E3 /* BannerSectionController.m in Sources */ = {isa = PBXBuildFile; fileRef = B1F8A51120858F08009083E3 /* BannerSectionController.m */; };
		B1F8A51520858F76009083E3 /* RecommendSectionController.m in Sources */ = {isa = PBXBuildFile; fileRef = B1F8A51420858F76009083E3 /* RecommendSectionController.m */; };
		B1F8A5202085DBC0009083E3 /* LVInfinitelyCycleCollectionCell.m in Sources */ = {isa = PBXBuildFile; fileRef = B1F8A51D2085DBC0009083E3 /* LVInfinitelyCycleCollectionCell.m */; };
		B1F8A5212085DBC0009083E3 /* LVInfinitelyCycleView.m in Sources */ = {isa = PBXBuildFile; fileRef = B1F8A51F2085DBC0009083E3 /* LVInfinitelyCycleView.m */; };
		B1F8A5242085DEFE009083E3 /* BannerViewCell.m in Sources */ = {isa = PBXBuildFile; fileRef = B1F8A5232085DEFE009083E3 /* BannerViewCell.m */; };
		B1F8A52A2085EBD9009083E3 /* SpinnerCollectionViewCell.m in Sources */ = {isa = PBXBuildFile; fileRef = B1F8A5292085EBD9009083E3 /* SpinnerCollectionViewCell.m */; };
		B1F8A52D2085EE49009083E3 /* SpinnerSectionController.m in Sources */ = {isa = PBXBuildFile; fileRef = B1F8A52C2085EE49009083E3 /* SpinnerSectionController.m */; };
/* End PBXBuildFile section */

/* Begin PBXContainerItemProxy section */
		B12F4B0F207DDEE200A9D871 /* PBXContainerItemProxy */ = {
			isa = PBXContainerItemProxy;
			containerPortal = B12F4AEE207DDEE200A9D871 /* Project object */;
			proxyType = 1;
			remoteGlobalIDString = B12F4AF5207DDEE200A9D871;
			remoteInfo = FeedListDemo;
		};
		B12F4B1A207DDEE200A9D871 /* PBXContainerItemProxy */ = {
			isa = PBXContainerItemProxy;
			containerPortal = B12F4AEE207DDEE200A9D871 /* Project object */;
			proxyType = 1;
			remoteGlobalIDString = B12F4AF5207DDEE200A9D871;
			remoteInfo = FeedListDemo;
		};
/* End PBXContainerItemProxy section */

/* Begin PBXFileReference section */
		1CA81F7F7AE7ACB8BD8BB2CE /* Pods-FeedListDemo.debug.xcconfig */ = {isa = PBXFileReference; includeInIndex = 1; lastKnownFileType = text.xcconfig; name = "Pods-FeedListDemo.debug.xcconfig"; path = "Pods/Target Support Files/Pods-FeedListDemo/Pods-FeedListDemo.debug.xcconfig"; sourceTree = "<group>"; };
		A9267C41207F99C40099E80D /* Recommend+CoreDataProperties.m */ = {isa = PBXFileReference; fileEncoding = 4; lastKnownFileType = sourcecode.c.objc; path = "Recommend+CoreDataProperties.m"; sourceTree = "<group>"; };
		A9267C42207F99C40099E80D /* Recommend+CoreDataClass.m */ = {isa = PBXFileReference; fileEncoding = 4; lastKnownFileType = sourcecode.c.objc; path = "Recommend+CoreDataClass.m"; sourceTree = "<group>"; };
		A9267C43207F99C40099E80D /* Recommend+CoreDataClass.h */ = {isa = PBXFileReference; fileEncoding = 4; lastKnownFileType = sourcecode.c.h; path = "Recommend+CoreDataClass.h"; sourceTree = "<group>"; };
		A9267C44207F99C40099E80D /* Recommend+CoreDataProperties.h */ = {isa = PBXFileReference; fileEncoding = 4; lastKnownFileType = sourcecode.c.h; path = "Recommend+CoreDataProperties.h"; sourceTree = "<group>"; };
		B107D9D82086017C000ED295 /* MTGestureHandleRefresh.h */ = {isa = PBXFileReference; lastKnownFileType = sourcecode.c.h; path = MTGestureHandleRefresh.h; sourceTree = "<group>"; };
		B107D9D92086017C000ED295 /* MTGestureHandleRefresh.m */ = {isa = PBXFileReference; lastKnownFileType = sourcecode.c.objc; path = MTGestureHandleRefresh.m; sourceTree = "<group>"; };
		B12F4AF6207DDEE200A9D871 /* FeedListDemo.app */ = {isa = PBXFileReference; explicitFileType = wrapper.application; includeInIndex = 0; path = FeedListDemo.app; sourceTree = BUILT_PRODUCTS_DIR; };
		B12F4AF9207DDEE200A9D871 /* AppDelegate.h */ = {isa = PBXFileReference; lastKnownFileType = sourcecode.c.h; path = AppDelegate.h; sourceTree = "<group>"; };
		B12F4AFA207DDEE200A9D871 /* AppDelegate.m */ = {isa = PBXFileReference; lastKnownFileType = sourcecode.c.objc; path = AppDelegate.m; sourceTree = "<group>"; };
		B12F4AFC207DDEE200A9D871 /* ViewController.h */ = {isa = PBXFileReference; lastKnownFileType = sourcecode.c.h; path = ViewController.h; sourceTree = "<group>"; };
		B12F4AFD207DDEE200A9D871 /* ViewController.m */ = {isa = PBXFileReference; lastKnownFileType = sourcecode.c.objc; path = ViewController.m; sourceTree = "<group>"; };
		B12F4B00207DDEE200A9D871 /* Base */ = {isa = PBXFileReference; lastKnownFileType = file.storyboard; name = Base; path = Base.lproj/Main.storyboard; sourceTree = "<group>"; };
		B12F4B02207DDEE200A9D871 /* Assets.xcassets */ = {isa = PBXFileReference; lastKnownFileType = folder.assetcatalog; path = Assets.xcassets; sourceTree = "<group>"; };
		B12F4B05207DDEE200A9D871 /* Base */ = {isa = PBXFileReference; lastKnownFileType = file.storyboard; name = Base; path = Base.lproj/LaunchScreen.storyboard; sourceTree = "<group>"; };
		B12F4B07207DDEE200A9D871 /* Info.plist */ = {isa = PBXFileReference; lastKnownFileType = text.plist.xml; path = Info.plist; sourceTree = "<group>"; };
		B12F4B08207DDEE200A9D871 /* main.m */ = {isa = PBXFileReference; lastKnownFileType = sourcecode.c.objc; path = main.m; sourceTree = "<group>"; };
		B12F4B0E207DDEE200A9D871 /* FeedListDemoTests.xctest */ = {isa = PBXFileReference; explicitFileType = wrapper.cfbundle; includeInIndex = 0; path = FeedListDemoTests.xctest; sourceTree = BUILT_PRODUCTS_DIR; };
		B12F4B12207DDEE200A9D871 /* FeedListDemoTests.m */ = {isa = PBXFileReference; lastKnownFileType = sourcecode.c.objc; path = FeedListDemoTests.m; sourceTree = "<group>"; };
		B12F4B14207DDEE200A9D871 /* Info.plist */ = {isa = PBXFileReference; lastKnownFileType = text.plist.xml; path = Info.plist; sourceTree = "<group>"; };
		B12F4B19207DDEE200A9D871 /* FeedListDemoUITests.xctest */ = {isa = PBXFileReference; explicitFileType = wrapper.cfbundle; includeInIndex = 0; path = FeedListDemoUITests.xctest; sourceTree = BUILT_PRODUCTS_DIR; };
		B12F4B1D207DDEE200A9D871 /* FeedListDemoUITests.m */ = {isa = PBXFileReference; lastKnownFileType = sourcecode.c.objc; path = FeedListDemoUITests.m; sourceTree = "<group>"; };
		B12F4B1F207DDEE200A9D871 /* Info.plist */ = {isa = PBXFileReference; lastKnownFileType = text.plist.xml; path = Info.plist; sourceTree = "<group>"; };
		B12F4B2F207DF15200A9D871 /* json.json */ = {isa = PBXFileReference; fileEncoding = 4; lastKnownFileType = text.json; path = json.json; sourceTree = "<group>"; };
		B12F4B59207F11A300A9D871 /* MTUserModel.h */ = {isa = PBXFileReference; fileEncoding = 4; lastKnownFileType = sourcecode.c.h; path = MTUserModel.h; sourceTree = "<group>"; };
		B12F4B5A207F11A300A9D871 /* MTRecommendModel.m */ = {isa = PBXFileReference; fileEncoding = 4; lastKnownFileType = sourcecode.c.objc; path = MTRecommendModel.m; sourceTree = "<group>"; };
		B12F4B5B207F11A300A9D871 /* MTUserModel.m */ = {isa = PBXFileReference; fileEncoding = 4; lastKnownFileType = sourcecode.c.objc; path = MTUserModel.m; sourceTree = "<group>"; };
		B12F4B5C207F11A300A9D871 /* MTRecommendModel.h */ = {isa = PBXFileReference; fileEncoding = 4; lastKnownFileType = sourcecode.c.h; path = MTRecommendModel.h; sourceTree = "<group>"; };
		B12F4B7A207F311400A9D871 /* FeedLiveViewCell.h */ = {isa = PBXFileReference; lastKnownFileType = sourcecode.c.h; path = FeedLiveViewCell.h; sourceTree = "<group>"; };
		B12F4B7B207F311400A9D871 /* FeedLiveViewCell.m */ = {isa = PBXFileReference; lastKnownFileType = sourcecode.c.objc; path = FeedLiveViewCell.m; sourceTree = "<group>"; };
		B12F4B92207F463400A9D871 /* FeedModel.xcdatamodel */ = {isa = PBXFileReference; lastKnownFileType = wrapper.xcdatamodel; path = FeedModel.xcdatamodel; sourceTree = "<group>"; };
		B12F4B9C207F666400A9D871 /* MTFetchMOCAdapterUpdater.h */ = {isa = PBXFileReference; lastKnownFileType = sourcecode.c.h; path = MTFetchMOCAdapterUpdater.h; sourceTree = "<group>"; };
		B12F4B9D207F666400A9D871 /* MTFetchMOCAdapterUpdater.m */ = {isa = PBXFileReference; lastKnownFileType = sourcecode.c.objc; path = MTFetchMOCAdapterUpdater.m; sourceTree = "<group>"; };
		B12F4BA8207F763F00A9D871 /* MTFetchBatchUpdateState.h */ = {isa = PBXFileReference; lastKnownFileType = sourcecode.c.h; path = MTFetchBatchUpdateState.h; sourceTree = "<group>"; };
		B1D0FFFC2085F9B9000A401B /* MTGlobalManagedObjectContext.h */ = {isa = PBXFileReference; lastKnownFileType = sourcecode.c.h; path = MTGlobalManagedObjectContext.h; sourceTree = "<group>"; };
		B1D0FFFD2085F9B9000A401B /* MTGlobalManagedObjectContext.m */ = {isa = PBXFileReference; lastKnownFileType = sourcecode.c.objc; path = MTGlobalManagedObjectContext.m; sourceTree = "<group>"; };
		B1F3648420843C38008A1F89 /* MTListAdpterProxy.h */ = {isa = PBXFileReference; lastKnownFileType = sourcecode.c.h; path = MTListAdpterProxy.h; sourceTree = "<group>"; };
		B1F3648520843C38008A1F89 /* MTListAdpterProxy.m */ = {isa = PBXFileReference; lastKnownFileType = sourcecode.c.objc; path = MTListAdpterProxy.m; sourceTree = "<group>"; };
		B1F3648720843C51008A1F89 /* MTListAdpter.h */ = {isa = PBXFileReference; lastKnownFileType = sourcecode.c.h; path = MTListAdpter.h; sourceTree = "<group>"; };
		B1F3648820843C51008A1F89 /* MTListAdpter.m */ = {isa = PBXFileReference; lastKnownFileType = sourcecode.c.objc; path = MTListAdpter.m; sourceTree = "<group>"; };
		B1F3648A208443D9008A1F89 /* MTListAdpter+UICollectionView.h */ = {isa = PBXFileReference; lastKnownFileType = sourcecode.c.h; path = "MTListAdpter+UICollectionView.h"; sourceTree = "<group>"; };
		B1F3648B208443D9008A1F89 /* MTListAdpter+UICollectionView.m */ = {isa = PBXFileReference; lastKnownFileType = sourcecode.c.objc; path = "MTListAdpter+UICollectionView.m"; sourceTree = "<group>"; };
		B1F3648D20844425008A1F89 /* MTListAdpter+MTListAdpterInternal.h */ = {isa = PBXFileReference; lastKnownFileType = sourcecode.c.h; path = "MTListAdpter+MTListAdpterInternal.h"; sourceTree = "<group>"; };
		B1F3649020847EDC008A1F89 /* MTListUpdatingDelegate.h */ = {isa = PBXFileReference; lastKnownFileType = sourcecode.c.h; path = MTListUpdatingDelegate.h; sourceTree = "<group>"; };
		B1F3649520849BE6008A1F89 /* MTListSectionModel.h */ = {isa = PBXFileReference; lastKnownFileType = sourcecode.c.h; path = MTListSectionModel.h; sourceTree = "<group>"; };
		B1F3649620849BE6008A1F89 /* MTListSectionModel.m */ = {isa = PBXFileReference; lastKnownFileType = sourcecode.c.objc; path = MTListSectionModel.m; sourceTree = "<group>"; };
		B1F364982084B2C2008A1F89 /* MTListAdpterDataSource.h */ = {isa = PBXFileReference; lastKnownFileType = sourcecode.c.h; path = MTListAdpterDataSource.h; sourceTree = "<group>"; };
		B1F364992084B495008A1F89 /* MTListSectionController.h */ = {isa = PBXFileReference; lastKnownFileType = sourcecode.c.h; path = MTListSectionController.h; sourceTree = "<group>"; };
		B1F3649A2084B495008A1F89 /* MTListSectionController.m */ = {isa = PBXFileReference; lastKnownFileType = sourcecode.c.objc; path = MTListSectionController.m; sourceTree = "<group>"; };
		B1F8A51020858F08009083E3 /* BannerSectionController.h */ = {isa = PBXFileReference; lastKnownFileType = sourcecode.c.h; path = BannerSectionController.h; sourceTree = "<group>"; };
		B1F8A51120858F08009083E3 /* BannerSectionController.m */ = {isa = PBXFileReference; lastKnownFileType = sourcecode.c.objc; path = BannerSectionController.m; sourceTree = "<group>"; };
		B1F8A51320858F76009083E3 /* RecommendSectionController.h */ = {isa = PBXFileReference; lastKnownFileType = sourcecode.c.h; path = RecommendSectionController.h; sourceTree = "<group>"; };
		B1F8A51420858F76009083E3 /* RecommendSectionController.m */ = {isa = PBXFileReference; lastKnownFileType = sourcecode.c.objc; path = RecommendSectionController.m; sourceTree = "<group>"; };
		B1F8A51C2085DBC0009083E3 /* LVInfinitelyCycleCollectionCell.h */ = {isa = PBXFileReference; fileEncoding = 4; lastKnownFileType = sourcecode.c.h; path = LVInfinitelyCycleCollectionCell.h; sourceTree = "<group>"; };
		B1F8A51D2085DBC0009083E3 /* LVInfinitelyCycleCollectionCell.m */ = {isa = PBXFileReference; fileEncoding = 4; lastKnownFileType = sourcecode.c.objc; path = LVInfinitelyCycleCollectionCell.m; sourceTree = "<group>"; };
		B1F8A51E2085DBC0009083E3 /* LVInfinitelyCycleView.h */ = {isa = PBXFileReference; fileEncoding = 4; lastKnownFileType = sourcecode.c.h; path = LVInfinitelyCycleView.h; sourceTree = "<group>"; };
		B1F8A51F2085DBC0009083E3 /* LVInfinitelyCycleView.m */ = {isa = PBXFileReference; fileEncoding = 4; lastKnownFileType = sourcecode.c.objc; path = LVInfinitelyCycleView.m; sourceTree = "<group>"; };
		B1F8A5222085DEFE009083E3 /* BannerViewCell.h */ = {isa = PBXFileReference; lastKnownFileType = sourcecode.c.h; path = BannerViewCell.h; sourceTree = "<group>"; };
		B1F8A5232085DEFE009083E3 /* BannerViewCell.m */ = {isa = PBXFileReference; lastKnownFileType = sourcecode.c.objc; path = BannerViewCell.m; sourceTree = "<group>"; };
		B1F8A5282085EBD9009083E3 /* SpinnerCollectionViewCell.h */ = {isa = PBXFileReference; lastKnownFileType = sourcecode.c.h; path = SpinnerCollectionViewCell.h; sourceTree = "<group>"; };
		B1F8A5292085EBD9009083E3 /* SpinnerCollectionViewCell.m */ = {isa = PBXFileReference; lastKnownFileType = sourcecode.c.objc; path = SpinnerCollectionViewCell.m; sourceTree = "<group>"; };
		B1F8A52B2085EE48009083E3 /* SpinnerSectionController.h */ = {isa = PBXFileReference; fileEncoding = 4; lastKnownFileType = sourcecode.c.h; path = SpinnerSectionController.h; sourceTree = "<group>"; };
		B1F8A52C2085EE49009083E3 /* SpinnerSectionController.m */ = {isa = PBXFileReference; fileEncoding = 4; lastKnownFileType = sourcecode.c.objc; path = SpinnerSectionController.m; sourceTree = "<group>"; };
		C8D196658357A77764BD1F13 /* Pods_FeedListDemo.framework */ = {isa = PBXFileReference; explicitFileType = wrapper.framework; includeInIndex = 0; path = Pods_FeedListDemo.framework; sourceTree = BUILT_PRODUCTS_DIR; };
		FDD58B3CDB69FC8408BA5B31 /* Pods-FeedListDemo.release.xcconfig */ = {isa = PBXFileReference; includeInIndex = 1; lastKnownFileType = text.xcconfig; name = "Pods-FeedListDemo.release.xcconfig"; path = "Pods/Target Support Files/Pods-FeedListDemo/Pods-FeedListDemo.release.xcconfig"; sourceTree = "<group>"; };
/* End PBXFileReference section */

/* Begin PBXFrameworksBuildPhase section */
		B12F4AF3207DDEE200A9D871 /* Frameworks */ = {
			isa = PBXFrameworksBuildPhase;
			buildActionMask = 2147483647;
			files = (
				A3E2B33964C7E0968429DB2F /* Pods_FeedListDemo.framework in Frameworks */,
			);
			runOnlyForDeploymentPostprocessing = 0;
		};
		B12F4B0B207DDEE200A9D871 /* Frameworks */ = {
			isa = PBXFrameworksBuildPhase;
			buildActionMask = 2147483647;
			files = (
			);
			runOnlyForDeploymentPostprocessing = 0;
		};
		B12F4B16207DDEE200A9D871 /* Frameworks */ = {
			isa = PBXFrameworksBuildPhase;
			buildActionMask = 2147483647;
			files = (
			);
			runOnlyForDeploymentPostprocessing = 0;
		};
/* End PBXFrameworksBuildPhase section */

/* Begin PBXGroup section */
		23BF8F07C792336158A1315B /* Frameworks */ = {
			isa = PBXGroup;
			children = (
				C8D196658357A77764BD1F13 /* Pods_FeedListDemo.framework */,
			);
			name = Frameworks;
			sourceTree = "<group>";
		};
		8B2310F7D680B6D9035BE4A2 /* Pods */ = {
			isa = PBXGroup;
			children = (
				1CA81F7F7AE7ACB8BD8BB2CE /* Pods-FeedListDemo.debug.xcconfig */,
				FDD58B3CDB69FC8408BA5B31 /* Pods-FeedListDemo.release.xcconfig */,
			);
			name = Pods;
			sourceTree = "<group>";
		};
		B12F4AED207DDEE200A9D871 = {
			isa = PBXGroup;
			children = (
				B12F4B2B207DDF2F00A9D871 /* MTListAdapter */,
				B12F4AF8207DDEE200A9D871 /* FeedListDemo */,
				B12F4B11207DDEE200A9D871 /* FeedListDemoTests */,
				B12F4B1C207DDEE200A9D871 /* FeedListDemoUITests */,
				B12F4AF7207DDEE200A9D871 /* Products */,
				8B2310F7D680B6D9035BE4A2 /* Pods */,
				23BF8F07C792336158A1315B /* Frameworks */,
			);
			sourceTree = "<group>";
		};
		B12F4AF7207DDEE200A9D871 /* Products */ = {
			isa = PBXGroup;
			children = (
				B12F4AF6207DDEE200A9D871 /* FeedListDemo.app */,
				B12F4B0E207DDEE200A9D871 /* FeedListDemoTests.xctest */,
				B12F4B19207DDEE200A9D871 /* FeedListDemoUITests.xctest */,
			);
			name = Products;
			sourceTree = "<group>";
		};
		B12F4AF8207DDEE200A9D871 /* FeedListDemo */ = {
			isa = PBXGroup;
			children = (
				B12F4B34207DF4B300A9D871 /* Class */,
				B12F4AF9207DDEE200A9D871 /* AppDelegate.h */,
				B12F4AFA207DDEE200A9D871 /* AppDelegate.m */,
				B12F4AFC207DDEE200A9D871 /* ViewController.h */,
				B12F4AFD207DDEE200A9D871 /* ViewController.m */,
				B12F4AFF207DDEE200A9D871 /* Main.storyboard */,
				B12F4B02207DDEE200A9D871 /* Assets.xcassets */,
				B12F4B04207DDEE200A9D871 /* LaunchScreen.storyboard */,
				B12F4B07207DDEE200A9D871 /* Info.plist */,
				B12F4B08207DDEE200A9D871 /* main.m */,
				B12F4B2F207DF15200A9D871 /* json.json */,
				B12F4B9B207F4CCF00A9D871 /* xcdatamodel */,
			);
			path = FeedListDemo;
			sourceTree = "<group>";
		};
		B12F4B11207DDEE200A9D871 /* FeedListDemoTests */ = {
			isa = PBXGroup;
			children = (
				B12F4B12207DDEE200A9D871 /* FeedListDemoTests.m */,
				B12F4B14207DDEE200A9D871 /* Info.plist */,
			);
			path = FeedListDemoTests;
			sourceTree = "<group>";
		};
		B12F4B1C207DDEE200A9D871 /* FeedListDemoUITests */ = {
			isa = PBXGroup;
			children = (
				B12F4B1D207DDEE200A9D871 /* FeedListDemoUITests.m */,
				B12F4B1F207DDEE200A9D871 /* Info.plist */,
			);
			path = FeedListDemoUITests;
			sourceTree = "<group>";
		};
		B12F4B2B207DDF2F00A9D871 /* MTListAdapter */ = {
			isa = PBXGroup;
			children = (
				B1F3648E20847E58008A1F89 /* Protocal */,
				B1F3648320843C18008A1F89 /* MTListAdpater */,
				B12F4B9C207F666400A9D871 /* MTFetchMOCAdapterUpdater.h */,
				B12F4B9D207F666400A9D871 /* MTFetchMOCAdapterUpdater.m */,
				B12F4BA8207F763F00A9D871 /* MTFetchBatchUpdateState.h */,
				B1F3649520849BE6008A1F89 /* MTListSectionModel.h */,
				B1F3649620849BE6008A1F89 /* MTListSectionModel.m */,
				B1F364992084B495008A1F89 /* MTListSectionController.h */,
				B1F3649A2084B495008A1F89 /* MTListSectionController.m */,
			);
			path = MTListAdapter;
			sourceTree = "<group>";
		};
		B12F4B34207DF4B300A9D871 /* Class */ = {
			isa = PBXGroup;
			children = (
				B1F8A51A2085DBA3009083E3 /* UIComponent */,
				B1F8A50F20858EE6009083E3 /* SectionController */,
				B12F4B79207F30B800A9D871 /* View */,
				B12F4B58207F11A300A9D871 /* Model */,
			);
			path = Class;
			sourceTree = SOURCE_ROOT;
		};
		B12F4B58207F11A300A9D871 /* Model */ = {
			isa = PBXGroup;
			children = (
				A9267C43207F99C40099E80D /* Recommend+CoreDataClass.h */,
				A9267C42207F99C40099E80D /* Recommend+CoreDataClass.m */,
				A9267C44207F99C40099E80D /* Recommend+CoreDataProperties.h */,
				A9267C41207F99C40099E80D /* Recommend+CoreDataProperties.m */,
				B12F4B59207F11A300A9D871 /* MTUserModel.h */,
				B12F4B5B207F11A300A9D871 /* MTUserModel.m */,
				B12F4B5A207F11A300A9D871 /* MTRecommendModel.m */,
				B12F4B5C207F11A300A9D871 /* MTRecommendModel.h */,
			);
			path = Model;
			sourceTree = "<group>";
		};
		B12F4B79207F30B800A9D871 /* View */ = {
			isa = PBXGroup;
			children = (
				B12F4B7A207F311400A9D871 /* FeedLiveViewCell.h */,
				B12F4B7B207F311400A9D871 /* FeedLiveViewCell.m */,
				B1F8A5222085DEFE009083E3 /* BannerViewCell.h */,
				B1F8A5232085DEFE009083E3 /* BannerViewCell.m */,
				B1F8A5282085EBD9009083E3 /* SpinnerCollectionViewCell.h */,
				B1F8A5292085EBD9009083E3 /* SpinnerCollectionViewCell.m */,
			);
			path = View;
			sourceTree = "<group>";
		};
		B12F4B9B207F4CCF00A9D871 /* xcdatamodel */ = {
			isa = PBXGroup;
			children = (
				B12F4B91207F463400A9D871 /* FeedModel.xcdatamodeld */,
			);
			path = xcdatamodel;
			sourceTree = "<group>";
		};
		B1F3648320843C18008A1F89 /* MTListAdpater */ = {
			isa = PBXGroup;
			children = (
				B1F3648A208443D9008A1F89 /* MTListAdpter+UICollectionView.h */,
				B1F3648B208443D9008A1F89 /* MTListAdpter+UICollectionView.m */,
				B1F3648D20844425008A1F89 /* MTListAdpter+MTListAdpterInternal.h */,
				B1F3648420843C38008A1F89 /* MTListAdpterProxy.h */,
				B1F3648520843C38008A1F89 /* MTListAdpterProxy.m */,
				B1F3648720843C51008A1F89 /* MTListAdpter.h */,
				B1F3648820843C51008A1F89 /* MTListAdpter.m */,
			);
			path = MTListAdpater;
			sourceTree = "<group>";
		};
		B1F3648E20847E58008A1F89 /* Protocal */ = {
			isa = PBXGroup;
			children = (
				B1F3649020847EDC008A1F89 /* MTListUpdatingDelegate.h */,
				B1F364982084B2C2008A1F89 /* MTListAdpterDataSource.h */,
			);
			path = Protocal;
			sourceTree = "<group>";
		};
		B1F8A50F20858EE6009083E3 /* SectionController */ = {
			isa = PBXGroup;
			children = (
				B1F8A51020858F08009083E3 /* BannerSectionController.h */,
				B1F8A51120858F08009083E3 /* BannerSectionController.m */,
				B1F8A51320858F76009083E3 /* RecommendSectionController.h */,
				B1F8A51420858F76009083E3 /* RecommendSectionController.m */,
				B1F8A52B2085EE48009083E3 /* SpinnerSectionController.h */,
				B1F8A52C2085EE49009083E3 /* SpinnerSectionController.m */,
			);
			path = SectionController;
			sourceTree = "<group>";
		};
		B1F8A51A2085DBA3009083E3 /* UIComponent */ = {
			isa = PBXGroup;
			children = (
				B1D0FFFC2085F9B9000A401B /* MTGlobalManagedObjectContext.h */,
				B1D0FFFD2085F9B9000A401B /* MTGlobalManagedObjectContext.m */,
				B1F8A51B2085DBB0009083E3 /* CycleBanner */,
				B107D9D82086017C000ED295 /* MTGestureHandleRefresh.h */,
				B107D9D92086017C000ED295 /* MTGestureHandleRefresh.m */,
			);
			path = UIComponent;
			sourceTree = "<group>";
		};
		B1F8A51B2085DBB0009083E3 /* CycleBanner */ = {
			isa = PBXGroup;
			children = (
				B1F8A51C2085DBC0009083E3 /* LVInfinitelyCycleCollectionCell.h */,
				B1F8A51D2085DBC0009083E3 /* LVInfinitelyCycleCollectionCell.m */,
				B1F8A51E2085DBC0009083E3 /* LVInfinitelyCycleView.h */,
				B1F8A51F2085DBC0009083E3 /* LVInfinitelyCycleView.m */,
			);
			path = CycleBanner;
			sourceTree = "<group>";
		};
/* End PBXGroup section */

/* Begin PBXNativeTarget section */
		B12F4AF5207DDEE200A9D871 /* FeedListDemo */ = {
			isa = PBXNativeTarget;
			buildConfigurationList = B12F4B22207DDEE200A9D871 /* Build configuration list for PBXNativeTarget "FeedListDemo" */;
			buildPhases = (
				E5D18E7081BED2315D77E730 /* [CP] Check Pods Manifest.lock */,
				B12F4AF2207DDEE200A9D871 /* Sources */,
				B12F4AF3207DDEE200A9D871 /* Frameworks */,
				B12F4AF4207DDEE200A9D871 /* Resources */,
				64CEFD4DDE79B943E57ADCE4 /* [CP] Embed Pods Frameworks */,
				D0477D219AB387BB991B9462 /* [CP] Copy Pods Resources */,
			);
			buildRules = (
			);
			dependencies = (
			);
			name = FeedListDemo;
			productName = FeedListDemo;
			productReference = B12F4AF6207DDEE200A9D871 /* FeedListDemo.app */;
			productType = "com.apple.product-type.application";
		};
		B12F4B0D207DDEE200A9D871 /* FeedListDemoTests */ = {
			isa = PBXNativeTarget;
			buildConfigurationList = B12F4B25207DDEE200A9D871 /* Build configuration list for PBXNativeTarget "FeedListDemoTests" */;
			buildPhases = (
				B12F4B0A207DDEE200A9D871 /* Sources */,
				B12F4B0B207DDEE200A9D871 /* Frameworks */,
				B12F4B0C207DDEE200A9D871 /* Resources */,
			);
			buildRules = (
			);
			dependencies = (
				B12F4B10207DDEE200A9D871 /* PBXTargetDependency */,
			);
			name = FeedListDemoTests;
			productName = FeedListDemoTests;
			productReference = B12F4B0E207DDEE200A9D871 /* FeedListDemoTests.xctest */;
			productType = "com.apple.product-type.bundle.unit-test";
		};
		B12F4B18207DDEE200A9D871 /* FeedListDemoUITests */ = {
			isa = PBXNativeTarget;
			buildConfigurationList = B12F4B28207DDEE200A9D871 /* Build configuration list for PBXNativeTarget "FeedListDemoUITests" */;
			buildPhases = (
				B12F4B15207DDEE200A9D871 /* Sources */,
				B12F4B16207DDEE200A9D871 /* Frameworks */,
				B12F4B17207DDEE200A9D871 /* Resources */,
			);
			buildRules = (
			);
			dependencies = (
				B12F4B1B207DDEE200A9D871 /* PBXTargetDependency */,
			);
			name = FeedListDemoUITests;
			productName = FeedListDemoUITests;
			productReference = B12F4B19207DDEE200A9D871 /* FeedListDemoUITests.xctest */;
			productType = "com.apple.product-type.bundle.ui-testing";
		};
/* End PBXNativeTarget section */

/* Begin PBXProject section */
		B12F4AEE207DDEE200A9D871 /* Project object */ = {
			isa = PBXProject;
			attributes = {
				LastUpgradeCheck = 0930;
				ORGANIZATIONNAME = MT.inc;
				TargetAttributes = {
					B12F4AF5207DDEE200A9D871 = {
						CreatedOnToolsVersion = 9.3;
						DevelopmentTeam = T4654Y4Z9R;
						LastSwiftMigration = 0930;
						ProvisioningStyle = Automatic;
					};
					B12F4B0D207DDEE200A9D871 = {
						CreatedOnToolsVersion = 9.3;
						DevelopmentTeam = T4654Y4Z9R;
						ProvisioningStyle = Automatic;
						TestTargetID = B12F4AF5207DDEE200A9D871;
					};
					B12F4B18207DDEE200A9D871 = {
						CreatedOnToolsVersion = 9.3;
						DevelopmentTeam = T4654Y4Z9R;
						ProvisioningStyle = Automatic;
						TestTargetID = B12F4AF5207DDEE200A9D871;
					};
				};
			};
			buildConfigurationList = B12F4AF1207DDEE200A9D871 /* Build configuration list for PBXProject "FeedListDemo" */;
			compatibilityVersion = "Xcode 3.2";
			developmentRegion = en;
			hasScannedForEncodings = 0;
			knownRegions = (
				en,
				Base,
			);
			mainGroup = B12F4AED207DDEE200A9D871;
			productRefGroup = B12F4AF7207DDEE200A9D871 /* Products */;
			projectDirPath = "";
			projectRoot = "";
			targets = (
				B12F4AF5207DDEE200A9D871 /* FeedListDemo */,
				B12F4B0D207DDEE200A9D871 /* FeedListDemoTests */,
				B12F4B18207DDEE200A9D871 /* FeedListDemoUITests */,
			);
		};
/* End PBXProject section */

/* Begin PBXResourcesBuildPhase section */
		B12F4AF4207DDEE200A9D871 /* Resources */ = {
			isa = PBXResourcesBuildPhase;
			buildActionMask = 2147483647;
			files = (
				B12F4B06207DDEE200A9D871 /* LaunchScreen.storyboard in Resources */,
				B12F4B03207DDEE200A9D871 /* Assets.xcassets in Resources */,
				B12F4B01207DDEE200A9D871 /* Main.storyboard in Resources */,
				B12F4B30207DF15200A9D871 /* json.json in Resources */,
			);
			runOnlyForDeploymentPostprocessing = 0;
		};
		B12F4B0C207DDEE200A9D871 /* Resources */ = {
			isa = PBXResourcesBuildPhase;
			buildActionMask = 2147483647;
			files = (
			);
			runOnlyForDeploymentPostprocessing = 0;
		};
		B12F4B17207DDEE200A9D871 /* Resources */ = {
			isa = PBXResourcesBuildPhase;
			buildActionMask = 2147483647;
			files = (
			);
			runOnlyForDeploymentPostprocessing = 0;
		};
/* End PBXResourcesBuildPhase section */

/* Begin PBXShellScriptBuildPhase section */
		64CEFD4DDE79B943E57ADCE4 /* [CP] Embed Pods Frameworks */ = {
			isa = PBXShellScriptBuildPhase;
			buildActionMask = 2147483647;
			files = (
			);
			inputPaths = (
				"${SRCROOT}/Pods/Target Support Files/Pods-FeedListDemo/Pods-FeedListDemo-frameworks.sh",
				"${BUILT_PRODUCTS_DIR}/YYKit/YYKit.framework",
			);
			name = "[CP] Embed Pods Frameworks";
			outputPaths = (
				"${TARGET_BUILD_DIR}/${FRAMEWORKS_FOLDER_PATH}/YYKit.framework",
			);
			runOnlyForDeploymentPostprocessing = 0;
			shellPath = /bin/sh;
			shellScript = "\"${SRCROOT}/Pods/Target Support Files/Pods-FeedListDemo/Pods-FeedListDemo-frameworks.sh\"\n";
			showEnvVarsInLog = 0;
		};
		D0477D219AB387BB991B9462 /* [CP] Copy Pods Resources */ = {
			isa = PBXShellScriptBuildPhase;
			buildActionMask = 2147483647;
			files = (
			);
			inputPaths = (
			);
			name = "[CP] Copy Pods Resources";
			outputPaths = (
			);
			runOnlyForDeploymentPostprocessing = 0;
			shellPath = /bin/sh;
			shellScript = "\"${SRCROOT}/Pods/Target Support Files/Pods-FeedListDemo/Pods-FeedListDemo-resources.sh\"\n";
			showEnvVarsInLog = 0;
		};
		E5D18E7081BED2315D77E730 /* [CP] Check Pods Manifest.lock */ = {
			isa = PBXShellScriptBuildPhase;
			buildActionMask = 2147483647;
			files = (
			);
			inputPaths = (
				"${PODS_PODFILE_DIR_PATH}/Podfile.lock",
				"${PODS_ROOT}/Manifest.lock",
			);
			name = "[CP] Check Pods Manifest.lock";
			outputPaths = (
				"$(DERIVED_FILE_DIR)/Pods-FeedListDemo-checkManifestLockResult.txt",
			);
			runOnlyForDeploymentPostprocessing = 0;
			shellPath = /bin/sh;
			shellScript = "diff \"${PODS_PODFILE_DIR_PATH}/Podfile.lock\" \"${PODS_ROOT}/Manifest.lock\" > /dev/null\nif [ $? != 0 ] ; then\n    # print error to STDERR\n    echo \"error: The sandbox is not in sync with the Podfile.lock. Run 'pod install' or update your CocoaPods installation.\" >&2\n    exit 1\nfi\n# This output is used by Xcode 'outputs' to avoid re-running this script phase.\necho \"SUCCESS\" > \"${SCRIPT_OUTPUT_FILE_0}\"\n";
			showEnvVarsInLog = 0;
		};
/* End PBXShellScriptBuildPhase section */

/* Begin PBXSourcesBuildPhase section */
		B12F4AF2207DDEE200A9D871 /* Sources */ = {
			isa = PBXSourcesBuildPhase;
			buildActionMask = 2147483647;
			files = (
				B12F4B93207F463400A9D871 /* FeedModel.xcdatamodeld in Sources */,
				A9267C45207F99C40099E80D /* Recommend+CoreDataProperties.m in Sources */,
				B12F4B7C207F311400A9D871 /* FeedLiveViewCell.m in Sources */,
				B1F8A51220858F08009083E3 /* BannerSectionController.m in Sources */,
				B12F4AFE207DDEE200A9D871 /* ViewController.m in Sources */,
				B12F4B5E207F11A300A9D871 /* MTUserModel.m in Sources */,
				B1D0FFFE2085F9B9000A401B /* MTGlobalManagedObjectContext.m in Sources */,
				A9267C46207F99C40099E80D /* Recommend+CoreDataClass.m in Sources */,
				B1F3648C208443D9008A1F89 /* MTListAdpter+UICollectionView.m in Sources */,
				B1F3648920843C51008A1F89 /* MTListAdpter.m in Sources */,
				B1F8A5212085DBC0009083E3 /* LVInfinitelyCycleView.m in Sources */,
				B1F8A5202085DBC0009083E3 /* LVInfinitelyCycleCollectionCell.m in Sources */,
				B1F8A52A2085EBD9009083E3 /* SpinnerCollectionViewCell.m in Sources */,
				B12F4B9E207F666400A9D871 /* MTFetchMOCAdapterUpdater.m in Sources */,
				B107D9DA2086017C000ED295 /* MTGestureHandleRefresh.m in Sources */,
				B12F4B09207DDEE200A9D871 /* main.m in Sources */,
				B1F8A51520858F76009083E3 /* RecommendSectionController.m in Sources */,
				B1F3649720849BE6008A1F89 /* MTListSectionModel.m in Sources */,
				B1F3648620843C38008A1F89 /* MTListAdpterProxy.m in Sources */,
				B12F4B5D207F11A300A9D871 /* MTRecommendModel.m in Sources */,
				B1F8A52D2085EE49009083E3 /* SpinnerSectionController.m in Sources */,
				B1F3649B2084B495008A1F89 /* MTListSectionController.m in Sources */,
				B12F4AFB207DDEE200A9D871 /* AppDelegate.m in Sources */,
				B1F8A5242085DEFE009083E3 /* BannerViewCell.m in Sources */,
			);
			runOnlyForDeploymentPostprocessing = 0;
		};
		B12F4B0A207DDEE200A9D871 /* Sources */ = {
			isa = PBXSourcesBuildPhase;
			buildActionMask = 2147483647;
			files = (
				B12F4B13207DDEE200A9D871 /* FeedListDemoTests.m in Sources */,
			);
			runOnlyForDeploymentPostprocessing = 0;
		};
		B12F4B15207DDEE200A9D871 /* Sources */ = {
			isa = PBXSourcesBuildPhase;
			buildActionMask = 2147483647;
			files = (
				B12F4B7D207F311400A9D871 /* FeedLiveViewCell.m in Sources */,
				B12F4B1E207DDEE200A9D871 /* FeedListDemoUITests.m in Sources */,
				B12F4B9F207F666400A9D871 /* MTFetchMOCAdapterUpdater.m in Sources */,
				B12F4B94207F463400A9D871 /* FeedModel.xcdatamodeld in Sources */,
			);
			runOnlyForDeploymentPostprocessing = 0;
		};
/* End PBXSourcesBuildPhase section */

/* Begin PBXTargetDependency section */
		B12F4B10207DDEE200A9D871 /* PBXTargetDependency */ = {
			isa = PBXTargetDependency;
			target = B12F4AF5207DDEE200A9D871 /* FeedListDemo */;
			targetProxy = B12F4B0F207DDEE200A9D871 /* PBXContainerItemProxy */;
		};
		B12F4B1B207DDEE200A9D871 /* PBXTargetDependency */ = {
			isa = PBXTargetDependency;
			target = B12F4AF5207DDEE200A9D871 /* FeedListDemo */;
			targetProxy = B12F4B1A207DDEE200A9D871 /* PBXContainerItemProxy */;
		};
/* End PBXTargetDependency section */

/* Begin PBXVariantGroup section */
		B12F4AFF207DDEE200A9D871 /* Main.storyboard */ = {
			isa = PBXVariantGroup;
			children = (
				B12F4B00207DDEE200A9D871 /* Base */,
			);
			name = Main.storyboard;
			sourceTree = "<group>";
		};
		B12F4B04207DDEE200A9D871 /* LaunchScreen.storyboard */ = {
			isa = PBXVariantGroup;
			children = (
				B12F4B05207DDEE200A9D871 /* Base */,
			);
			name = LaunchScreen.storyboard;
			sourceTree = "<group>";
		};
/* End PBXVariantGroup section */

/* Begin XCBuildConfiguration section */
		B12F4B20207DDEE200A9D871 /* Debug */ = {
			isa = XCBuildConfiguration;
			buildSettings = {
				ALWAYS_SEARCH_USER_PATHS = NO;
				CLANG_ANALYZER_NONNULL = YES;
				CLANG_ANALYZER_NUMBER_OBJECT_CONVERSION = YES_AGGRESSIVE;
				CLANG_CXX_LANGUAGE_STANDARD = "gnu++14";
				CLANG_CXX_LIBRARY = "libc++";
				CLANG_ENABLE_MODULES = YES;
				CLANG_ENABLE_OBJC_ARC = YES;
				CLANG_ENABLE_OBJC_WEAK = YES;
				CLANG_WARN_BLOCK_CAPTURE_AUTORELEASING = YES;
				CLANG_WARN_BOOL_CONVERSION = YES;
				CLANG_WARN_COMMA = YES;
				CLANG_WARN_CONSTANT_CONVERSION = YES;
				CLANG_WARN_DEPRECATED_OBJC_IMPLEMENTATIONS = YES;
				CLANG_WARN_DIRECT_OBJC_ISA_USAGE = YES_ERROR;
				CLANG_WARN_DOCUMENTATION_COMMENTS = YES;
				CLANG_WARN_EMPTY_BODY = YES;
				CLANG_WARN_ENUM_CONVERSION = YES;
				CLANG_WARN_INFINITE_RECURSION = YES;
				CLANG_WARN_INT_CONVERSION = YES;
				CLANG_WARN_NON_LITERAL_NULL_CONVERSION = YES;
				CLANG_WARN_OBJC_IMPLICIT_RETAIN_SELF = YES;
				CLANG_WARN_OBJC_LITERAL_CONVERSION = YES;
				CLANG_WARN_OBJC_ROOT_CLASS = YES_ERROR;
				CLANG_WARN_RANGE_LOOP_ANALYSIS = YES;
				CLANG_WARN_STRICT_PROTOTYPES = YES;
				CLANG_WARN_SUSPICIOUS_MOVE = YES;
				CLANG_WARN_UNGUARDED_AVAILABILITY = YES_AGGRESSIVE;
				CLANG_WARN_UNREACHABLE_CODE = YES;
				CLANG_WARN__DUPLICATE_METHOD_MATCH = YES;
				CODE_SIGN_IDENTITY = "iPhone Developer";
				COPY_PHASE_STRIP = NO;
				DEBUG_INFORMATION_FORMAT = dwarf;
				ENABLE_STRICT_OBJC_MSGSEND = YES;
				ENABLE_TESTABILITY = YES;
				GCC_C_LANGUAGE_STANDARD = gnu11;
				GCC_DYNAMIC_NO_PIC = NO;
				GCC_NO_COMMON_BLOCKS = YES;
				GCC_OPTIMIZATION_LEVEL = 0;
				GCC_PREPROCESSOR_DEFINITIONS = (
					"DEBUG=1",
					"$(inherited)",
				);
				GCC_WARN_64_TO_32_BIT_CONVERSION = YES;
				GCC_WARN_ABOUT_RETURN_TYPE = YES_ERROR;
				GCC_WARN_UNDECLARED_SELECTOR = YES;
				GCC_WARN_UNINITIALIZED_AUTOS = YES_AGGRESSIVE;
				GCC_WARN_UNUSED_FUNCTION = YES;
				GCC_WARN_UNUSED_VARIABLE = YES;
				IPHONEOS_DEPLOYMENT_TARGET = 11.3;
				MTL_ENABLE_DEBUG_INFO = YES;
				ONLY_ACTIVE_ARCH = YES;
				SDKROOT = iphoneos;
			};
			name = Debug;
		};
		B12F4B21207DDEE200A9D871 /* Release */ = {
			isa = XCBuildConfiguration;
			buildSettings = {
				ALWAYS_SEARCH_USER_PATHS = NO;
				CLANG_ANALYZER_NONNULL = YES;
				CLANG_ANALYZER_NUMBER_OBJECT_CONVERSION = YES_AGGRESSIVE;
				CLANG_CXX_LANGUAGE_STANDARD = "gnu++14";
				CLANG_CXX_LIBRARY = "libc++";
				CLANG_ENABLE_MODULES = YES;
				CLANG_ENABLE_OBJC_ARC = YES;
				CLANG_ENABLE_OBJC_WEAK = YES;
				CLANG_WARN_BLOCK_CAPTURE_AUTORELEASING = YES;
				CLANG_WARN_BOOL_CONVERSION = YES;
				CLANG_WARN_COMMA = YES;
				CLANG_WARN_CONSTANT_CONVERSION = YES;
				CLANG_WARN_DEPRECATED_OBJC_IMPLEMENTATIONS = YES;
				CLANG_WARN_DIRECT_OBJC_ISA_USAGE = YES_ERROR;
				CLANG_WARN_DOCUMENTATION_COMMENTS = YES;
				CLANG_WARN_EMPTY_BODY = YES;
				CLANG_WARN_ENUM_CONVERSION = YES;
				CLANG_WARN_INFINITE_RECURSION = YES;
				CLANG_WARN_INT_CONVERSION = YES;
				CLANG_WARN_NON_LITERAL_NULL_CONVERSION = YES;
				CLANG_WARN_OBJC_IMPLICIT_RETAIN_SELF = YES;
				CLANG_WARN_OBJC_LITERAL_CONVERSION = YES;
				CLANG_WARN_OBJC_ROOT_CLASS = YES_ERROR;
				CLANG_WARN_RANGE_LOOP_ANALYSIS = YES;
				CLANG_WARN_STRICT_PROTOTYPES = YES;
				CLANG_WARN_SUSPICIOUS_MOVE = YES;
				CLANG_WARN_UNGUARDED_AVAILABILITY = YES_AGGRESSIVE;
				CLANG_WARN_UNREACHABLE_CODE = YES;
				CLANG_WARN__DUPLICATE_METHOD_MATCH = YES;
				CODE_SIGN_IDENTITY = "iPhone Developer";
				COPY_PHASE_STRIP = NO;
				DEBUG_INFORMATION_FORMAT = "dwarf-with-dsym";
				ENABLE_NS_ASSERTIONS = NO;
				ENABLE_STRICT_OBJC_MSGSEND = YES;
				GCC_C_LANGUAGE_STANDARD = gnu11;
				GCC_NO_COMMON_BLOCKS = YES;
				GCC_WARN_64_TO_32_BIT_CONVERSION = YES;
				GCC_WARN_ABOUT_RETURN_TYPE = YES_ERROR;
				GCC_WARN_UNDECLARED_SELECTOR = YES;
				GCC_WARN_UNINITIALIZED_AUTOS = YES_AGGRESSIVE;
				GCC_WARN_UNUSED_FUNCTION = YES;
				GCC_WARN_UNUSED_VARIABLE = YES;
				IPHONEOS_DEPLOYMENT_TARGET = 11.3;
				MTL_ENABLE_DEBUG_INFO = NO;
				SDKROOT = iphoneos;
				VALIDATE_PRODUCT = YES;
			};
			name = Release;
		};
		B12F4B23207DDEE200A9D871 /* Debug */ = {
			isa = XCBuildConfiguration;
			baseConfigurationReference = 1CA81F7F7AE7ACB8BD8BB2CE /* Pods-FeedListDemo.debug.xcconfig */;
			buildSettings = {
				ASSETCATALOG_COMPILER_APPICON_NAME = AppIcon;
				CLANG_ENABLE_MODULES = YES;
				CODE_SIGN_IDENTITY = "iPhone Developer";
				CODE_SIGN_STYLE = Automatic;
				DEBUG_INFORMATION_FORMAT = "dwarf-with-dsym";
				DEVELOPMENT_TEAM = T4654Y4Z9R;
				INFOPLIST_FILE = FeedListDemo/Info.plist;
				IPHONEOS_DEPLOYMENT_TARGET = 8.0;
				LD_RUNPATH_SEARCH_PATHS = "$(inherited) @executable_path/Frameworks";
				PRODUCT_BUNDLE_IDENTIFIER = LV.FeedListDemo;
				PRODUCT_NAME = "$(TARGET_NAME)";
				PROVISIONING_PROFILE = "";
				PROVISIONING_PROFILE_SPECIFIER = "";
				SWIFT_OBJC_BRIDGING_HEADER = "FeedListDemo-Bridging-Header.h";
				SWIFT_OPTIMIZATION_LEVEL = "-Onone";
				SWIFT_VERSION = 3.0;
				TARGETED_DEVICE_FAMILY = "1,2";
			};
			name = Debug;
		};
		B12F4B24207DDEE200A9D871 /* Release */ = {
			isa = XCBuildConfiguration;
			baseConfigurationReference = FDD58B3CDB69FC8408BA5B31 /* Pods-FeedListDemo.release.xcconfig */;
			buildSettings = {
				ASSETCATALOG_COMPILER_APPICON_NAME = AppIcon;
				CLANG_ENABLE_MODULES = YES;
				CODE_SIGN_IDENTITY = "iPhone Developer";
				CODE_SIGN_STYLE = Automatic;
				DEVELOPMENT_TEAM = T4654Y4Z9R;
				INFOPLIST_FILE = FeedListDemo/Info.plist;
				IPHONEOS_DEPLOYMENT_TARGET = 8.0;
				LD_RUNPATH_SEARCH_PATHS = "$(inherited) @executable_path/Frameworks";
				PRODUCT_BUNDLE_IDENTIFIER = LV.FeedListDemo;
				PRODUCT_NAME = "$(TARGET_NAME)";
				PROVISIONING_PROFILE = "";
				PROVISIONING_PROFILE_SPECIFIER = "";
				SWIFT_OBJC_BRIDGING_HEADER = "FeedListDemo-Bridging-Header.h";
				SWIFT_VERSION = 3.0;
				TARGETED_DEVICE_FAMILY = "1,2";
			};
			name = Release;
		};
		B12F4B26207DDEE200A9D871 /* Debug */ = {
			isa = XCBuildConfiguration;
			buildSettings = {
				BUNDLE_LOADER = "$(TEST_HOST)";
				CODE_SIGN_STYLE = Automatic;
				DEVELOPMENT_TEAM = T4654Y4Z9R;
				INFOPLIST_FILE = FeedListDemoTests/Info.plist;
				LD_RUNPATH_SEARCH_PATHS = "$(inherited) @executable_path/Frameworks @loader_path/Frameworks";
				PRODUCT_BUNDLE_IDENTIFIER = LV.FeedListDemoTests;
				PRODUCT_NAME = "$(TARGET_NAME)";
				TARGETED_DEVICE_FAMILY = "1,2";
				TEST_HOST = "$(BUILT_PRODUCTS_DIR)/FeedListDemo.app/FeedListDemo";
			};
			name = Debug;
		};
		B12F4B27207DDEE200A9D871 /* Release */ = {
			isa = XCBuildConfiguration;
			buildSettings = {
				BUNDLE_LOADER = "$(TEST_HOST)";
				CODE_SIGN_STYLE = Automatic;
				DEVELOPMENT_TEAM = T4654Y4Z9R;
				INFOPLIST_FILE = FeedListDemoTests/Info.plist;
				LD_RUNPATH_SEARCH_PATHS = "$(inherited) @executable_path/Frameworks @loader_path/Frameworks";
				PRODUCT_BUNDLE_IDENTIFIER = LV.FeedListDemoTests;
				PRODUCT_NAME = "$(TARGET_NAME)";
				TARGETED_DEVICE_FAMILY = "1,2";
				TEST_HOST = "$(BUILT_PRODUCTS_DIR)/FeedListDemo.app/FeedListDemo";
			};
			name = Release;
		};
		B12F4B29207DDEE200A9D871 /* Debug */ = {
			isa = XCBuildConfiguration;
			buildSettings = {
				CODE_SIGN_STYLE = Automatic;
				DEVELOPMENT_TEAM = T4654Y4Z9R;
				INFOPLIST_FILE = FeedListDemoUITests/Info.plist;
				LD_RUNPATH_SEARCH_PATHS = "$(inherited) @executable_path/Frameworks @loader_path/Frameworks";
				PRODUCT_BUNDLE_IDENTIFIER = LV.FeedListDemoUITests;
				PRODUCT_NAME = "$(TARGET_NAME)";
				TARGETED_DEVICE_FAMILY = "1,2";
				TEST_TARGET_NAME = FeedListDemo;
			};
			name = Debug;
		};
		B12F4B2A207DDEE200A9D871 /* Release */ = {
			isa = XCBuildConfiguration;
			buildSettings = {
				CODE_SIGN_STYLE = Automatic;
				DEVELOPMENT_TEAM = T4654Y4Z9R;
				INFOPLIST_FILE = FeedListDemoUITests/Info.plist;
				LD_RUNPATH_SEARCH_PATHS = "$(inherited) @executable_path/Frameworks @loader_path/Frameworks";
				PRODUCT_BUNDLE_IDENTIFIER = LV.FeedListDemoUITests;
				PRODUCT_NAME = "$(TARGET_NAME)";
				TARGETED_DEVICE_FAMILY = "1,2";
				TEST_TARGET_NAME = FeedListDemo;
			};
			name = Release;
		};
/* End XCBuildConfiguration section */

/* Begin XCConfigurationList section */
		B12F4AF1207DDEE200A9D871 /* Build configuration list for PBXProject "FeedListDemo" */ = {
			isa = XCConfigurationList;
			buildConfigurations = (
				B12F4B20207DDEE200A9D871 /* Debug */,
				B12F4B21207DDEE200A9D871 /* Release */,
			);
			defaultConfigurationIsVisible = 0;
			defaultConfigurationName = Release;
		};
		B12F4B22207DDEE200A9D871 /* Build configuration list for PBXNativeTarget "FeedListDemo" */ = {
			isa = XCConfigurationList;
			buildConfigurations = (
				B12F4B23207DDEE200A9D871 /* Debug */,
				B12F4B24207DDEE200A9D871 /* Release */,
			);
			defaultConfigurationIsVisible = 0;
			defaultConfigurationName = Release;
		};
		B12F4B25207DDEE200A9D871 /* Build configuration list for PBXNativeTarget "FeedListDemoTests" */ = {
			isa = XCConfigurationList;
			buildConfigurations = (
				B12F4B26207DDEE200A9D871 /* Debug */,
				B12F4B27207DDEE200A9D871 /* Release */,
			);
			defaultConfigurationIsVisible = 0;
			defaultConfigurationName = Release;
		};
		B12F4B28207DDEE200A9D871 /* Build configuration list for PBXNativeTarget "FeedListDemoUITests" */ = {
			isa = XCConfigurationList;
			buildConfigurations = (
				B12F4B29207DDEE200A9D871 /* Debug */,
				B12F4B2A207DDEE200A9D871 /* Release */,
			);
			defaultConfigurationIsVisible = 0;
			defaultConfigurationName = Release;
		};
/* End XCConfigurationList section */

/* Begin XCVersionGroup section */
		B12F4B91207F463400A9D871 /* FeedModel.xcdatamodeld */ = {
			isa = XCVersionGroup;
			children = (
				B12F4B92207F463400A9D871 /* FeedModel.xcdatamodel */,
			);
			currentVersion = B12F4B92207F463400A9D871 /* FeedModel.xcdatamodel */;
			path = FeedModel.xcdatamodeld;
			sourceTree = "<group>";
			versionGroupType = wrapper.xcdatamodel;
		};
/* End XCVersionGroup section */
	};
	rootObject = B12F4AEE207DDEE200A9D871 /* Project object */;
}
